
Microsoft Visual Studio Solution File, Format Version 12.00
# Visual Studio Version 17
VisualStudioVersion = 17.12.35527.113 d17.12
MinimumVisualStudioVersion = 10.0.40219.1
Project("{FAE04EC0-301F-11D3-BF4B-00C04F79EFBC}") = "InterviewQuestions", "InterviewQuestions.csproj", "{B1366551-34EF-4D08-9E58-FA0482DE5C85}"
EndProject
Global
	GlobalSection(SolutionConfigurationPlatforms) = preSolution
		Debug|Any CPU = Debug|Any CPU
		Release|Any CPU = Release|Any CPU
	EndGlobalSection
	GlobalSection(ProjectConfigurationPlatforms) = postSolution
		{B1366551-34EF-4D08-9E58-FA0482DE5C85}.Debug|Any CPU.ActiveCfg = Debug|Any CPU
		{B1366551-34EF-4D08-9E58-FA0482DE5C85}.Debug|Any CPU.Build.0 = Debug|Any CPU
		{B1366551-34EF-4D08-9E58-FA0482DE5C85}.Release|Any CPU.ActiveCfg = Release|Any CPU
		{B1366551-34EF-4D08-9E58-FA0482DE5C85}.Release|Any CPU.Build.0 = Release|Any CPU
	EndGlobalSection
	GlobalSection(SolutionProperties) = preSolution
		HideSolutionNode = FALSE
	EndGlobalSection
EndGlobal
